github.com/Antonboom/errname v1.1.2 h1:dxwONZJua3VB8Xh/VaCjqAcqF645sWWv7xj26zy7tdQ=
github.com/Antonboom/errname v1.1.2/go.mod h1:YeZIpgLMxT+SNkruGgYkLhzq/9vs3fsolTZegKaKDZI=
github.com/adhocore/gronx v1.19.6 h1:5KNVcoR9ACgL9HhEqCm5QXsab/gI4QDIybTAWcXDKDc=
github.com/adhocore/gronx v1.19.6/go.mod h1:7oUY1WAU8rEJWmAxXR2DN0JaO4gi9khSgKjiRypqteg=
github.com/davecgh/go-spew v1.1.0/go.mod h1:J7Y8YcW2NihsgmVo/mv3lAwl/skON4iLHjSsI+c5H38=
github.com/davecgh/go-spew v1.1.1 h1:vj9j/u1bqnvCEfJOwUhtlOARqs3+rkHYY13jYWTU97c=
github.com/davecgh/go-spew v1.1.1/go.mod h1:J7Y8YcW2NihsgmVo/mv3lAwl/skON4iLHjSsI+c5H38=
github.com/google/go-cmp v0.7.0 h1:wk8382ETsv4JYUZwIsn6YpYiWiBsYLSJiTsyBybVuN8=
github.com/google/go-cmp v0.7.0/go.mod h1:pXiqmnSA92OHEEa9HXL2W4E7lf9JzCmGVUdgjX3N/iU=
github.com/jackc/pgpassfile v1.0.0 h1:/6Hmqy13Ss2zCq62VdNG8tM1wchn8zjSGOBJ6icpsIM=
github.com/jackc/pgpassfile v1.0.0/go.mod h1:CEx0iS5ambNFdcRtxPj5JhEz+xB6uRky5eyVu/W2HEg=
github.com/jackc/pgservicefile v0.0.0-20240606120523-5a60cdf6a761 h1:iCEnooe7UlwOQYpKFhBabPMi4aNAfoODPEFNiAnClxo=
github.com/jackc/pgservicefile v0.0.0-20240606120523-5a60cdf6a761/go.mod h1:5TJZWKEWniPve33vlWYSoGYefn3gLQRzjfDlhSJ9ZKM=
github.com/jackc/pgx/v5 v5.8.0 h1:TYPDoleBBme0xGSAX3/+NujXXtpZn9HBONkQC7IEZSo=
github.com/jackc/pgx/v5 v5.8.0/go.mod h1:QVeDInX2m9VyzvNeiCJVjCkNFqzsNb43204HshNSZKw=
github.com/jackc/puddle/v2 v2.2.2 h1:PR8nw+E/1w0GLuRFSmiioY6UooMp6KJv0/61nB7icHo=
github.com/jackc/puddle/v2 v2.2.2/go.mod h1:vriiEXHvEE654aYKXXjOvZM39qJ0q+azkZFrfEOc3H4=
github.com/kisielk/errcheck v1.9.0 h1:9xt1zI9EBfcYBvdU1nVrzMzzUPUtPKs9bVSIM3TAb3M=
github.com/kisielk/errcheck v1.9.0/go.mod h1:kQxWMMVZgIkDq7U8xtG/n2juOjbLgZtedi0D+/VL/i8=
github.com/pmezard/go-difflib v1.0.0 h1:4DBwDE0NGyQoBHbLQYPwSUPoCMWR5BEzIk/f1lZbAQM=
github.com/pmezard/go-difflib v1.0.0/go.mod h1:iKH77koFhYxTK1pcRnkKkqfTogsbg7gZNVY4sRDYZ/4=
github.com/stretchr/objx v0.1.0/go.mod h1:HFkY916IF+rwdDfMAkV7OtwuqBVzrE8GR6GFx+wExME=
github.com/stretchr/testify v1.3.0/go.mod h1:M5WIy9Dh21IEIfnGCwXGc5bZfKNJtfHm1UVUgZn+9EI=
github.com/stretchr/testify v1.7.0/go.mod h1:6Fq8oRcR53rry900zMqJjRRixrwX3KX962/h/Wwjteg=
github.com/stretchr/testify v1.11.1 h1:7s2iGBzp5EwR7/aIZr8ao5+dra3wiQyKjjFuvgVKu7U=
github.com/stretchr/testify v1.11.1/go.mod h1:wZwfW3scLgRK+23gO65QZefKpKQRnfz6sD981Nm4B6U=
golang.org/x/mod v0.38.0 h1:MECBjubtXD7yj4HrhIUcywNaGeNVUdfVnxmPajOk4yk=
golang.org/x/mod v0.38.0/go.mod h1:V6Xz0pq8TQ3dGqVQ1FVHuelZpAL0uNhSkk9ogYP3c40=
golang.org/x/sync v0.22.0 h1:SZjpbeLmrCk4xhRSZFNZW5gFUeCeFgjekvI/+gfScek=
golang.org/x/sync v0.22.0/go.mod h1:9xrNwdLfx4jkKbNva9FpL6vEN7evnE43NNNJQ2LF3+0=
golang.org/x/sys v0.47.0 h1:o7XGOvZQCADBQQ4Y7VNq2dRWQR7JmOUW8Kxx4ZsNgWs=
golang.org/x/sys v0.47.0/go.mod h1:4GL1E5IUh+htKOUEOaiffhrAeqysfVGipDYzABqnCmw=
golang.org/x/telemetry v0.0.0-20260708182218-49f421fb7959 h1:RJhm5l6Fo4rmEIcndxDllNhhf/fAx8qIm4t6A7vpm2A=
golang.org/x/telemetry v0.0.0-20260708182218-49f421fb7959/go.mod h1:LV7u5Oco+Z/g6XI7PqN+EUUUGGkEcmB1uj2ceI0fOVg=
golang.org/x/text v0.34.0 h1:oL/Qq0Kdaqxa1KbNeMKwQq0reLCCaFtqu2eNuSeNHbk=
golang.org/x/text v0.34.0/go.mod h1:homfLqTYRFyVYemLBFl5GgL/DWEiH5wcsQ5gSh1yziA=
golang.org/x/tools v0.48.0 h1:3+hClM1aLL5mjMKm5ovokw9epgRXPuu2tILgismM6RE=
golang.org/x/tools v0.48.0/go.mod h1:08xX0orndb/F7jJxGDicx061tyd5pcMto75YMAXr6lk=
gopkg.in/check.v1 v0.0.0-20161208181325-20d25e280405/go.mod h1:Co6ibVJAznAaIkqp8huTwlJQCZ016jof/cbN4VW5Yz0=
gopkg.in/yaml.v3 v3.0.0-20200313102051-9f266ea9e77c/go.mod h1:K4uyk7z7BCEPqu6E+C64Yfv1cQ7kz7rIZviUmN+EgEM=
gopkg.in/yaml.v3 v3.0.1 h1:fxVm/GzAzEWqLHuvctI91KS9hhNmmWOoWu0XTYJS7CA=
gopkg.in/yaml.v3 v3.0.1/go.mod h1:K4uyk7z7BCEPqu6E+C64Yfv1cQ7kz7rIZviUmN+EgEM=
lesiw.io/boolset v0.1.0 h1:ZEVNM9qaERyJ9ls4nUP3Oz5ZRhVhlIoxhRPZDIHBKMg=
lesiw.io/boolset v0.1.0/go.mod h1:96Z+UlkF1MyUelEpTwq23hE3hFra7qSlRfFSWF5vJ3c=
lesiw.io/checker v0.16.0 h1:VRJiefXtelWTJTBdHQkUZRHFoGjqmHcjXOXa6QBFdnU=
lesiw.io/checker v0.16.0/go.mod h1:n4llfWBLFQ0JmoymAVFqsxS6LcHqdFXLtepqfP4rqVc=
lesiw.io/clerk v0.3.0 h1:VTBn7LVa7+mbU3HJM9G25U0O6pV+uxL8UrteWfbq3YA=
lesiw.io/clerk v0.3.0/go.mod h1:fbDRF6mt0lfmNdL6k08EM+ejXn76GnTq8K4vQXrlfNs=
lesiw.io/ctxguard v0.1.0 h1:SUBx+Zd+ygNp1OeACvWceFlKUIF7ykkvsPKJzaubNzA=
lesiw.io/ctxguard v0.1.0/go.mod h1:1kRy/7o9STZi8S2skyaKplDQoeod5KzImNE9xx5Z/nQ=
lesiw.io/ctxname v0.1.0 h1:g0RX4qFacYmh83foaZgAzWbwHJEVN3Xp1NJ+t+mTpdQ=
lesiw.io/ctxname v0.1.0/go.mod h1:DCkHImEUeL3c0U46uxNnv0vPPyiPg42dtxxCUEr0fWo=
lesiw.io/errcheck v1.0.0 h1:jVwNVL8YfjXY3xCJ7byHn+s8MwlvxqsuDjV4406Euo8=
lesiw.io/errcheck v1.0.0/go.mod h1:iKZxbcdSpC2cYZ+Pyp/7fEbsvgEHdEqECi0Yb/GkA2g=
lesiw.io/errfmt v0.1.0 h1:IA68nzZA2DCtwcY7bJLLhrNYymBmQ/ZBglwnelKL8YA=
lesiw.io/errfmt v0.1.0/go.mod h1:d8oGC2ew6fItLJY9dVBoZyU3qSgqTdhltGQYqjdlGmU=
lesiw.io/linelen v0.6.0 h1:nw8MpsO5Vejzj8oTjVWjqRw4/QROYZPPDcPoJqfOOsc=
lesiw.io/linelen v0.6.0/go.mod h1:K/P+BjDR3ekWpUpwyWaht9EeDinM3giAoC7WquqwamY=
lesiw.io/linewrap v0.1.0 h1:2dbL4gxJdW5qa+0+h1cVFbPUlP2Q1ZU1UbdX5JMjv88=
lesiw.io/linewrap v0.1.0/go.mod h1:lJU87O/7EEX8chxljWZ599QKJ3bYzf6FLGoATt2JtyA=
lesiw.io/plscheck v0.20.0 h1:vhTXPTr8n1HsTvEWOky0ya1ZI0bfNNGNInxUeEtozmc=
lesiw.io/plscheck v0.20.0/go.mod h1:ETr4dgHsxf0ZUmsdZtnklIiF39TjNdBThJLa5ClxZQg=
lesiw.io/singlefield v0.1.0 h1:s6wg/gy5MJdE61sa71qsC1K+FzKeFZIpmLKnEakwc7g=
lesiw.io/singlefield v0.1.0/go.mod h1:MsxQv/F6H1N06uggjn6KlterPg7h8WRQvVVXkgZgsBw=
lesiw.io/strictvar v0.1.0 h1:yRUs3unAGsr1OGSqK8d1VlA/0Su1lzgLQBo5rsLaIp0=
lesiw.io/strictvar v0.1.0/go.mod h1:fIfmscBJ1sYoiJAvHGCJarsYxEpJJ/vi/4b9ue8AaVQ=
lesiw.io/testcmp v0.1.0 h1:piheBKoeTm56HYp3veeF/m+I2GlJi5curcLhAEmt9so=
lesiw.io/testcmp v0.1.0/go.mod h1:dPXxCbp6h763ps6FrQordJamh/daizJ64oBE9olpUOM=
lesiw.io/testhelpers v0.1.0 h1:4IcTEX26YxsqGLu7H981BxiaM8vh4FL+4bJsbhI139E=
lesiw.io/testhelpers v0.1.0/go.mod h1:0mWtcj499n1xsjHxUj5sN0OrCb2Mw2TGmcQE5cOGmQo=
lesiw.io/tidytypes v0.2.0 h1:U/MI+Cwm5ShPEBEnKuVHtyU7o46gW4zPUojBUhd+/YM=
lesiw.io/tidytypes v0.2.0/go.mod h1:RiOthB+QiQSCAwPA7SyTO86XN/crZekhwDCfAUivIcA=
lesiw.io/timeafter v0.1.0 h1:wrHOOy1wWC3cUa4A46i5MHfl+hyuNjyoCsd2B85y1oY=
lesiw.io/timeafter v0.1.0/go.mod h1:pBeF1UZuT5dv5NTUQUq+u8tDG/+El0OTtXNBHTf5gZg=
lesiw.io/tools v0.5.0 h1:d9aSMj8lh916JVTqQXw8q343ibI+lw5i1kvIlJNsxMw=
lesiw.io/tools v0.5.0/go.mod h1:Qxd+oEHYHvBKtQ5RG5coNw/Ky8hNr4L6e9bLd+hlZ0I=
